
Microsoft Visual Studio Solution File, Format Version 12.00
# Visual Studio Version 17
VisualStudioVersion = 17.7.34031.279
MinimumVisualStudioVersion = 10.0.40219.1
Project("{FAE04EC0-301F-11D3-BF4B-00C04F79EFBC}") = "Tema2-AdivinaNumero", "Tema2-AdivinaNumero\Tema2-AdivinaNumero.csproj", "{16B721E2-90FA-41C2-8CF8-82657434F702}"
EndProject
Global
	GlobalSection(SolutionConfigurationPlatforms) = preSolution
		Debug|Any CPU = Debug|Any CPU
		Release|Any CPU = Release|Any CPU
	EndGlobalSection
	GlobalSection(ProjectConfigurationPlatforms) = postSolution
		{16B721E2-90FA-41C2-8CF8-82657434F702}.Debug|Any CPU.ActiveCfg = Debug|Any CPU
		{16B721E2-90FA-41C2-8CF8-82657434F702}.Debug|Any CPU.Build.0 = Debug|Any CPU
		{16B721E2-90FA-41C2-8CF8-82657434F702}.Release|Any CPU.ActiveCfg = Release|Any CPU
		{16B721E2-90FA-41C2-8CF8-82657434F702}.Release|Any CPU.Build.0 = Release|Any CPU
	EndGlobalSection
	GlobalSection(SolutionProperties) = preSolution
		HideSolutionNode = FALSE
	EndGlobalSection
	GlobalSection(ExtensibilityGlobals) = postSolution
		SolutionGuid = {47BEDB01-3276-4D5F-8FD4-388013D044EC}
	EndGlobalSection
EndGlobal
